
Microsoft Visual Studio Solution File, Format Version 12.00
# Visual Studio Version 17
VisualStudioVersion = 17.14.36301.6
MinimumVisualStudioVersion = 10.0.40219.1
Project("{FAE04EC0-301F-11D3-BF4B-00C04F79EFBC}") = "DailyAccounting", "DailyAccounting\DailyAccounting.csproj", "{B32853D5-0539-4886-A8E9-2CA0E1D0237F}"
EndProject
Project("{FAE04EC0-301F-11D3-BF4B-00C04F79EFBC}") = "反射練習", "反射練習\反射練習.csproj", "{4DDB4AD8-FFDA-4FBF-9032-6DBAF4DBE017}"
EndProject
Global
	GlobalSection(SolutionConfigurationPlatforms) = preSolution
		Debug|Any CPU = Debug|Any CPU
		Release|Any CPU = Release|Any CPU
	EndGlobalSection
	GlobalSection(ProjectConfigurationPlatforms) = postSolution
		{B32853D5-0539-4886-A8E9-2CA0E1D0237F}.Debug|Any CPU.ActiveCfg = Debug|Any CPU
		{B32853D5-0539-4886-A8E9-2CA0E1D0237F}.Debug|Any CPU.Build.0 = Debug|Any CPU
		{B32853D5-0539-4886-A8E9-2CA0E1D0237F}.Release|Any CPU.ActiveCfg = Release|Any CPU
		{B32853D5-0539-4886-A8E9-2CA0E1D0237F}.Release|Any CPU.Build.0 = Release|Any CPU
		{4DDB4AD8-FFDA-4FBF-9032-6DBAF4DBE017}.Debug|Any CPU.ActiveCfg = Debug|Any CPU
		{4DDB4AD8-FFDA-4FBF-9032-6DBAF4DBE017}.Debug|Any CPU.Build.0 = Debug|Any CPU
		{4DDB4AD8-FFDA-4FBF-9032-6DBAF4DBE017}.Release|Any CPU.ActiveCfg = Release|Any CPU
		{4DDB4AD8-FFDA-4FBF-9032-6DBAF4DBE017}.Release|Any CPU.Build.0 = Release|Any CPU
	EndGlobalSection
	GlobalSection(SolutionProperties) = preSolution
		HideSolutionNode = FALSE
	EndGlobalSection
	GlobalSection(ExtensibilityGlobals) = postSolution
		SolutionGuid = {5E93DB75-2821-465B-9B10-D9183D69B4EF}
	EndGlobalSection
EndGlobal
